
Microsoft Visual Studio Solution File, Format Version 12.00
# Visual Studio Version 17
VisualStudioVersion = 17.11.35208.52
MinimumVisualStudioVersion = 10.0.40219.1
Project("{FAE04EC0-301F-11D3-BF4B-00C04F79EFBC}") = "API_QLBanHang", "API_QLBanHang\API_QLBanHang.csproj", "{612FE2D7-596C-4757-AB7E-19AE4C635DA9}"
EndProject
Global
	GlobalSection(SolutionConfigurationPlatforms) = preSolution
		Debug|Any CPU = Debug|Any CPU
		Release|Any CPU = Release|Any CPU
	EndGlobalSection
	GlobalSection(ProjectConfigurationPlatforms) = postSolution
		{612FE2D7-596C-4757-AB7E-19AE4C635DA9}.Debug|Any CPU.ActiveCfg = Debug|Any CPU
		{612FE2D7-596C-4757-AB7E-19AE4C635DA9}.Debug|Any CPU.Build.0 = Debug|Any CPU
		{612FE2D7-596C-4757-AB7E-19AE4C635DA9}.Release|Any CPU.ActiveCfg = Release|Any CPU
		{612FE2D7-596C-4757-AB7E-19AE4C635DA9}.Release|Any CPU.Build.0 = Release|Any CPU
	EndGlobalSection
	GlobalSection(SolutionProperties) = preSolution
		HideSolutionNode = FALSE
	EndGlobalSection
	GlobalSection(ExtensibilityGlobals) = postSolution
		SolutionGuid = {4CFC18E1-1185-428D-A9C3-C2CE820DBDED}
	EndGlobalSection
EndGlobal
